
Microsoft Visual Studio Solution File, Format Version 12.00
# Visual Studio Version 16
VisualStudioVersion = 16.0.29020.237
MinimumVisualStudioVersion = 10.0.40219.1
Project("{FAE04EC0-301F-11D3-BF4B-00C04F79EFBC}") = "WebApplication11", "WebApplication11\WebApplication11.csproj", "{ABA10E10-B6DE-431B-9600-3A48D32A6F6B}"
EndProject
Global
	GlobalSection(SolutionConfigurationPlatforms) = preSolution
		Debug|Any CPU = Debug|Any CPU
		Release|Any CPU = Release|Any CPU
	EndGlobalSection
	GlobalSection(ProjectConfigurationPlatforms) = postSolution
		{ABA10E10-B6DE-431B-9600-3A48D32A6F6B}.Debug|Any CPU.ActiveCfg = Debug|Any CPU
		{ABA10E10-B6DE-431B-9600-3A48D32A6F6B}.Debug|Any CPU.Build.0 = Debug|Any CPU
		{ABA10E10-B6DE-431B-9600-3A48D32A6F6B}.Release|Any CPU.ActiveCfg = Release|Any CPU
		{ABA10E10-B6DE-431B-9600-3A48D32A6F6B}.Release|Any CPU.Build.0 = Release|Any CPU
	EndGlobalSection
	GlobalSection(SolutionProperties) = preSolution
		HideSolutionNode = FALSE
	EndGlobalSection
	GlobalSection(ExtensibilityGlobals) = postSolution
		SolutionGuid = {3FE6E80A-129E-4AAE-8CE2-74214FDD2141}
	EndGlobalSection
EndGlobal
